[[package]]
name = "commonmark"
version = "0.9.1"
description = "Python parser for the CommonMark Markdown spec"
category = "dev"
optional = false
python-versions = "*"

[package.extras]
test = ["flake8 (==3.7.8)", "hypothesis (==3.55.3)"]

[[package]]
name = "crossplane"
version = "0.5.7"
description = "Reliable and fast NGINX configuration file parser."
category = "main"
optional = false
python-versions = "*"

[[package]]
name = "pygments"
version = "2.11.2"
description = "Pygments is a syntax highlighting package written in Python."
category = "dev"
optional = false
python-versions = ">=3.5"

[[package]]
name = "rich"
version = "12.0.0"
description = "Render rich text, tables, progress bars, syntax highlighting, markdown and more to the terminal"
category = "dev"
optional = false
python-versions = ">=3.6.2,<4.0.0"

[package.dependencies]
commonmark = ">=0.9.0,<0.10.0"
pygments = ">=2.6.0,<3.0.0"

[package.extras]
jupyter = ["ipywidgets (>=7.5.1,<8.0.0)"]

[metadata]
lock-version = "1.1"
python-versions = "^3.10"
content-hash = "2d2a9a6735fb8d4336119c64f31b44e1f856586affc3a69d62bc813f2d558381"

[metadata.files]
commonmark = [
    {file = "commonmark-0.9.1-py2.py3-none-any.whl", hash = "sha256:da2f38c92590f83de410ba1a3cbceafbc74fee9def35f9251ba9a971d6d66fd9"},
    {file = "commonmark-0.9.1.tar.gz", hash = "sha256:452f9dc859be7f06631ddcb328b6919c67984aca654e5fefb3914d54691aed60"},
]
crossplane = [
    {file = "crossplane-0.5.7-py2.py3-none-any.whl", hash = "sha256:55d0590bd80dbc4de881761a38a10f2816ba9b3a6ec5bee951fd3845b9af1f91"},
    {file = "crossplane-0.5.7.tar.gz", hash = "sha256:a3d3ee1776bcccebf7a58cefeb365775374ab38bd544408117717ccd9f264f60"},
]
pygments = [
    {file = "Pygments-2.11.2-py3-none-any.whl", hash = "sha256:44238f1b60a76d78fc8ca0528ee429702aae011c265fe6a8dd8b63049ae41c65"},
    {file = "Pygments-2.11.2.tar.gz", hash = "sha256:4e426f72023d88d03b2fa258de560726ce890ff3b630f88c21cbb8b2503b8c6a"},
]
rich = [
    {file = "rich-12.0.0-py3-none-any.whl", hash = "sha256:fdcd2f8d416e152bcf35c659987038d1ae5a7bd336e821ca7551858a4c7e38a9"},
    {file = "rich-12.0.0.tar.gz", hash = "sha256:14bfd0507edc633e021b02c45cbf7ca22e33b513817627b8de3412f047a3e798"},
]
